PODS:
  - youtube-ios-player-helper (1.0.2)

DEPENDENCIES:
  - youtube-ios-player-helper

SPEC REPOS:
  trunk:
    - youtube-ios-player-helper

SPEC CHECKSUMS:
  youtube-ios-player-helper: 40b96e52c22445f0fdc43731cefa32c67075ff81

PODFILE CHECKSUM: c20012a363c39926bbbabf1163c25a7e1e603047

COCOAPODS: 1.9.3
